
Microsoft Visual Studio Solution File, Format Version 12.00
# Visual Studio Version 17
VisualStudioVersion = 17.11.35312.102
MinimumVisualStudioVersion = 10.0.40219.1
Project("{FAE04EC0-301F-11D3-BF4B-00C04F79EFBC}") = "RentCarX.Presentation", "RentCarX\RentCarX.Presentation.csproj", "{EE5E75E6-EBEF-4C0C-A829-DD5601A2BEA0}"
EndProject
Project("{FAE04EC0-301F-11D3-BF4B-00C04F79EFBC}") = "RentCarX.Infrastructure", "RentCarX.Infrastructure\RentCarX.Infrastructure.csproj", "{90124E72-6018-4B8D-AC0C-846D8A658497}"
EndProject
Project("{FAE04EC0-301F-11D3-BF4B-00C04F79EFBC}") = "RentCarX.Domain", "RentCarX.Domain\RentCarX.Domain.csproj", "{B16AA213-D118-41D0-9BDB-AAB9C35087D8}"
EndProject
Project("{FAE04EC0-301F-11D3-BF4B-00C04F79EFBC}") = "RentCarX.Application", "RentCarX.Application\RentCarX.Application.csproj", "{6A9349BF-AA41-4AF6-BD2A-501076235D40}"
EndProject
Project("{2150E333-8FDC-42A3-9474-1A3956D46DE8}") = "Elementy rozwiązania", "Elementy rozwiązania", "{8FB176BD-0036-D269-15EA-F86E90622887}"
	ProjectSection(SolutionItems) = preProject
		.env.template = .env.template
		docker-compose.override.yml = docker-compose.override.yml
		docker-compose.yml = docker-compose.yml
		env = env
	EndProjectSection
EndProject
Project("{FAE04EC0-301F-11D3-BF4B-00C04F79EFBC}") = "RentCarX.HangfireWorker", "RentCarX.HangfireWorker\RentCarX.HangfireWorker.csproj", "{B918EC02-6ECC-59FA-CF05-1C2444C2EA88}"
EndProject
Project("{FAE04EC0-301F-11D3-BF4B-00C04F79EFBC}") = "RentCarX.Tests", "RentCarX.Tests\RentCarX.Tests.csproj", "{A90833B3-9F8D-4807-90E7-AD9F05D3347D}"
EndProject
Global
	GlobalSection(SolutionConfigurationPlatforms) = preSolution
		Debug|Any CPU = Debug|Any CPU
		Release|Any CPU = Release|Any CPU
	EndGlobalSection
	GlobalSection(ProjectConfigurationPlatforms) = postSolution
		{EE5E75E6-EBEF-4C0C-A829-DD5601A2BEA0}.Debug|Any CPU.ActiveCfg = Debug|Any CPU
		{EE5E75E6-EBEF-4C0C-A829-DD5601A2BEA0}.Debug|Any CPU.Build.0 = Debug|Any CPU
		{EE5E75E6-EBEF-4C0C-A829-DD5601A2BEA0}.Release|Any CPU.ActiveCfg = Release|Any CPU
		{EE5E75E6-EBEF-4C0C-A829-DD5601A2BEA0}.Release|Any CPU.Build.0 = Release|Any CPU
		{90124E72-6018-4B8D-AC0C-846D8A658497}.Debug|Any CPU.ActiveCfg = Debug|Any CPU
		{90124E72-6018-4B8D-AC0C-846D8A658497}.Debug|Any CPU.Build.0 = Debug|Any CPU
		{90124E72-6018-4B8D-AC0C-846D8A658497}.Release|Any CPU.ActiveCfg = Release|Any CPU
		{90124E72-6018-4B8D-AC0C-846D8A658497}.Release|Any CPU.Build.0 = Release|Any CPU
		{B16AA213-D118-41D0-9BDB-AAB9C35087D8}.Debug|Any CPU.ActiveCfg = Debug|Any CPU
		{B16AA213-D118-41D0-9BDB-AAB9C35087D8}.Debug|Any CPU.Build.0 = Debug|Any CPU
		{B16AA213-D118-41D0-9BDB-AAB9C35087D8}.Release|Any CPU.ActiveCfg = Release|Any CPU
		{B16AA213-D118-41D0-9BDB-AAB9C35087D8}.Release|Any CPU.Build.0 = Release|Any CPU
		{6A9349BF-AA41-4AF6-BD2A-501076235D40}.Debug|Any CPU.ActiveCfg = Debug|Any CPU
		{6A9349BF-AA41-4AF6-BD2A-501076235D40}.Debug|Any CPU.Build.0 = Debug|Any CPU
		{6A9349BF-AA41-4AF6-BD2A-501076235D40}.Release|Any CPU.ActiveCfg = Release|Any CPU
		{6A9349BF-AA41-4AF6-BD2A-501076235D40}.Release|Any CPU.Build.0 = Release|Any CPU
		{B918EC02-6ECC-59FA-CF05-1C2444C2EA88}.Debug|Any CPU.ActiveCfg = Debug|Any CPU
		{B918EC02-6ECC-59FA-CF05-1C2444C2EA88}.Debug|Any CPU.Build.0 = Debug|Any CPU
		{B918EC02-6ECC-59FA-CF05-1C2444C2EA88}.Release|Any CPU.ActiveCfg = Release|Any CPU
		{B918EC02-6ECC-59FA-CF05-1C2444C2EA88}.Release|Any CPU.Build.0 = Release|Any CPU
		{A90833B3-9F8D-4807-90E7-AD9F05D3347D}.Debug|Any CPU.ActiveCfg = Debug|Any CPU
		{A90833B3-9F8D-4807-90E7-AD9F05D3347D}.Debug|Any CPU.Build.0 = Debug|Any CPU
		{A90833B3-9F8D-4807-90E7-AD9F05D3347D}.Release|Any CPU.ActiveCfg = Release|Any CPU
		{A90833B3-9F8D-4807-90E7-AD9F05D3347D}.Release|Any CPU.Build.0 = Release|Any CPU
	EndGlobalSection
	GlobalSection(SolutionProperties) = preSolution
		HideSolutionNode = FALSE
	EndGlobalSection
	GlobalSection(ExtensibilityGlobals) = postSolution
		SolutionGuid = {94750073-0388-426F-B14D-CD729DEB6E06}
	EndGlobalSection
EndGlobal
